<?xml version="1.0" encoding="utf-8"?>
<Project ToolsVersion="4.0" xmlns="http://schemas.microsoft.com/developer/msbuild/2003">
  <ItemGroup>
    <ClCompile Include="Source\Log.cpp">
      <Filter>Utils</Filter>
    </ClCompile>
    <ClCompile Include="Source\External\PugiXml\src\pugixml.cpp">
      <Filter>External\PugiXml</Filter>
    </ClCompile>
    <ClCompile Include="Source\Audio.cpp">
      <Filter>Modules\Audio</Filter>
    </ClCompile>
    <ClCompile Include="Source\Item.cpp">
      <Filter>Modules\Item</Filter>
    </ClCompile>
    <ClCompile Include="Source\Player.cpp">
      <Filter>Modules\Player</Filter>
    </ClCompile>
    <ClCompile Include="Source\Render.cpp">
      <Filter>Modules\Render</Filter>
    </ClCompile>
    <ClCompile Include="Source\Map.cpp">
      <Filter>Modules\Mapa</Filter>
    </ClCompile>
    <ClCompile Include="Source\Textures.cpp">
      <Filter>Modules\Texture</Filter>
    </ClCompile>
    <ClCompile Include="Source\App.cpp">
      <Filter>Source Files</Filter>
    </ClCompile>
    <ClCompile Include="Source\Main.cpp">
      <Filter>Source Files</Filter>
    </ClCompile>
    <ClCompile Include="Source\EntityManager.cpp">
      <Filter>Modules\Other</Filter>
    </ClCompile>
    <ClCompile Include="Source\Input.cpp">
      <Filter>Modules\Other</Filter>
    </ClCompile>
    <ClCompile Include="Source\PerfTimer.cpp">
      <Filter>Modules\Other</Filter>
    </ClCompile>
    <ClCompile Include="Source\Physics.cpp">
      <Filter>Modules\Other</Filter>
    </ClCompile>
    <ClCompile Include="Source\Scene.cpp">
      <Filter>Modules\Other</Filter>
    </ClCompile>
    <ClCompile Include="Source\Timer.cpp">
      <Filter>Modules\Other</Filter>
    </ClCompile>
    <ClCompile Include="Source\Window.cpp">
      <Filter>Modules\Other</Filter>
    </ClCompile>
    <ClCompile Include="Source\ModuleParticles.cpp">
      <Filter>Modules\Particles</Filter>
    </ClCompile>
    <ClCompile Include="Source\Effect.cpp">
      <Filter>Modules\Effect</Filter>
    </ClCompile>
    <ClCompile Include="Source\ModuleFadeToBlack.cpp">
      <Filter>Modules\FadeToBlack</Filter>
    </ClCompile>
    <ClCompile Include="Source\Enemy_Goblin.cpp">
      <Filter>Modules\Enemy</Filter>
    </ClCompile>
    <ClCompile Include="Source\Enemy_Flyeye.cpp">
      <Filter>Modules\Enemy</Filter>
    </ClCompile>
    <ClCompile Include="Source\Pathfinding.cpp">
      <Filter>Modules\Pathfinding</Filter>
    </ClCompile>
    <ClCompile Include="Source\Boss.cpp">
      <Filter>Modules\Boss</Filter>
    </ClCompile>
    <ClCompile Include="Source\BossItem.cpp">
      <Filter>Modules\Item</Filter>
    </ClCompile>
    <ClCompile Include="Source\PlayerLife.cpp">
      <Filter>Modules\Player</Filter>
    </ClCompile>
    <ClCompile Include="Source\Angel.cpp">
      <Filter>Modules\Angel</Filter>
    </ClCompile>
    <ClCompile Include="Source\Diamond.cpp">
      <Filter>Modules\Item</Filter>
    </ClCompile>
    <ClCompile Include="Source\Cura.cpp">
      <Filter>Modules\Item</Filter>
    </ClCompile>
    <ClCompile Include="Source\Fonts.cpp">
      <Filter>Modules\Font</Filter>
    </ClCompile>
    <ClCompile Include="Source\Teleport.cpp">
      <Filter>Modules\Teleport</Filter>
    </ClCompile>
    <ClCompile Include="Source\Menu.cpp">
      <Filter>Modules\Menu</Filter>
    </ClCompile>
    <ClCompile Include="Source\GuiControlButton.cpp">
      <Filter>Modules\GUI</Filter>
    </ClCompile>
    <ClCompile Include="Source\GuiManager.cpp">
      <Filter>Modules\GUI</Filter>
    </ClCompile>
  </ItemGroup>
  <ItemGroup>
    <ClInclude Include="Source\Defs.h">
      <Filter>Utils</Filter>
    </ClInclude>
    <ClInclude Include="Source\DynArray.h">
      <Filter>Utils</Filter>
    </ClInclude>
    <ClInclude Include="Source\List.h">
      <Filter>Utils</Filter>
    </ClInclude>
    <ClInclude Include="Source\Log.h">
      <Filter>Utils</Filter>
    </ClInclude>
    <ClInclude Include="Source\Point.h">
      <Filter>Utils</Filter>
    </ClInclude>
    <ClInclude Include="Source\SString.h">
      <Filter>Utils</Filter>
    </ClInclude>
    <ClInclude Include="Source\External\PugiXml\src\pugiconfig.hpp">
      <Filter>External\PugiXml</Filter>
    </ClInclude>
    <ClInclude Include="Source\External\PugiXml\src\pugixml.hpp">
      <Filter>External\PugiXml</Filter>
    </ClInclude>
    <ClInclude Include="Source\Queue.h">
      <Filter>Utils</Filter>
    </ClInclude>
    <ClInclude Include="Source\Entity.h">
      <Filter>Modules</Filter>
    </ClInclude>
    <ClInclude Include="Source\Audio.h">
      <Filter>Modules\Audio</Filter>
    </ClInclude>
    <ClInclude Include="Source\Player.h">
      <Filter>Modules\Player</Filter>
    </ClInclude>
    <ClInclude Include="Source\Render.h">
      <Filter>Modules\Render</Filter>
    </ClInclude>
    <ClInclude Include="Source\Map.h">
      <Filter>Modules\Mapa</Filter>
    </ClInclude>
    <ClInclude Include="Source\Textures.h">
      <Filter>Modules\Texture</Filter>
    </ClInclude>
    <ClInclude Include="Source\App.h">
      <Filter>Source Files</Filter>
    </ClInclude>
    <ClInclude Include="Source\EntityManager.h">
      <Filter>Modules\Other</Filter>
    </ClInclude>
    <ClInclude Include="Source\Input.h">
      <Filter>Modules\Other</Filter>
    </ClInclude>
    <ClInclude Include="Source\Module.h">
      <Filter>Modules\Other</Filter>
    </ClInclude>
    <ClInclude Include="Source\PerfTimer.h">
      <Filter>Modules\Other</Filter>
    </ClInclude>
    <ClInclude Include="Source\Physics.h">
      <Filter>Modules\Other</Filter>
    </ClInclude>
    <ClInclude Include="Source\Scene.h">
      <Filter>Modules\Other</Filter>
    </ClInclude>
    <ClInclude Include="Source\Timer.h">
      <Filter>Modules\Other</Filter>
    </ClInclude>
    <ClInclude Include="Source\Window.h">
      <Filter>Modules\Other</Filter>
    </ClInclude>
    <ClInclude Include="Source\Item.h">
      <Filter>Modules\Item</Filter>
    </ClInclude>
    <ClInclude Include="Source\Animation.h">
      <Filter>Modules\Animation</Filter>
    </ClInclude>
    <ClInclude Include="Source\ModuleParticles.h">
      <Filter>Modules\Particles</Filter>
    </ClInclude>
    <ClInclude Include="Source\Effect.h">
      <Filter>Modules\Effect</Filter>
    </ClInclude>
    <ClInclude Include="Source\ModuleFadeToBlack.h">
      <Filter>Modules\FadeToBlack</Filter>
    </ClInclude>
    <ClInclude Include="Source\Enemy_Goblin.h">
      <Filter>Modules\Enemy</Filter>
    </ClInclude>
    <ClInclude Include="Source\Enemy_Flyeye.h">
      <Filter>Modules\Enemy</Filter>
    </ClInclude>
    <ClInclude Include="Source\Pathfinding.h">
      <Filter>Modules\Pathfinding</Filter>
    </ClInclude>
    <ClInclude Include="Source\Boss.h">
      <Filter>Modules\Boss</Filter>
    </ClInclude>
    <ClInclude Include="Source\BossItem.h">
      <Filter>Modules\Item</Filter>
    </ClInclude>
    <ClInclude Include="Source\PlayerLife.h">
      <Filter>Modules\Player</Filter>
    </ClInclude>
    <ClInclude Include="Source\Angel.h">
      <Filter>Modules\Angel</Filter>
    </ClInclude>
    <ClInclude Include="Source\Diamond.h">
      <Filter>Modules\Item</Filter>
    </ClInclude>
    <ClInclude Include="Source\Cura.h">
      <Filter>Modules\Item</Filter>
    </ClInclude>
    <ClInclude Include="Source\Fonts.h">
      <Filter>Modules\Font</Filter>
    </ClInclude>
    <ClInclude Include="Source\Teleport.h">
      <Filter>Modules\Teleport</Filter>
    </ClInclude>
    <ClInclude Include="Source\Menu.h">
      <Filter>Modules\Menu</Filter>
    </ClInclude>
    <ClInclude Include="Source\GuiControl.h">
      <Filter>Modules\GUI</Filter>
    </ClInclude>
    <ClInclude Include="Source\GuiControlButton.h">
      <Filter>Modules\GUI</Filter>
    </ClInclude>
    <ClInclude Include="Source\GuiManager.h">
      <Filter>Modules\GUI</Filter>
    </ClInclude>
  </ItemGroup>
  <ItemGroup>
    <Filter Include="External">
      <UniqueIdentifier>{83a966c7-b4bb-4eff-9c2c-3ff3c7b55a60}</UniqueIdentifier>
    </Filter>
    <Filter Include="Utils">
      <UniqueIdentifier>{2cad778a-d356-48b0-9fee-587f1bbb187e}</UniqueIdentifier>
    </Filter>
    <Filter Include="External\PugiXml">
      <UniqueIdentifier>{2855ff7f-53a1-413d-a75b-18b4ade921dd}</UniqueIdentifier>
    </Filter>
    <Filter Include="Modules">
      <UniqueIdentifier>{ecef8e80-266c-4763-a02d-9ceff47e7de4}</UniqueIdentifier>
    </Filter>
    <Filter Include="Modules\Audio">
      <UniqueIdentifier>{76bee50e-1bd0-4827-83f0-da4b5e3e5786}</UniqueIdentifier>
    </Filter>
    <Filter Include="Modules\Item">
      <UniqueIdentifier>{f8f67d54-41df-4208-85a9-d39918beb9a3}</UniqueIdentifier>
    </Filter>
    <Filter Include="Modules\Player">
      <UniqueIdentifier>{dc6879a2-d0e7-4c88-ace7-5765d113c83c}</UniqueIdentifier>
    </Filter>
    <Filter Include="Modules\Enemy">
      <UniqueIdentifier>{6dcb6552-4dd9-4e76-bcc7-710e832fcef4}</UniqueIdentifier>
    </Filter>
    <Filter Include="Modules\Render">
      <UniqueIdentifier>{3603dff7-6d5c-4237-aa36-85ec0af8260c}</UniqueIdentifier>
    </Filter>
    <Filter Include="Modules\Mapa">
      <UniqueIdentifier>{d696bad8-4c39-4e40-88eb-1ba51f89d45d}</UniqueIdentifier>
    </Filter>
    <Filter Include="Modules\Texture">
      <UniqueIdentifier>{3b420e54-addc-48df-86c3-50ac8981f7b0}</UniqueIdentifier>
    </Filter>
    <Filter Include="Source Files">
      <UniqueIdentifier>{fafd5437-dc59-4337-a1d2-33affb0e99b2}</UniqueIdentifier>
    </Filter>
    <Filter Include="Modules\Other">
      <UniqueIdentifier>{e632f41d-70b6-44cb-afdb-32c042b016f7}</UniqueIdentifier>
    </Filter>
    <Filter Include="Modules\Animation">
      <UniqueIdentifier>{8da072d1-04c1-4e7c-9495-da581ad9a905}</UniqueIdentifier>
    </Filter>
    <Filter Include="Modules\Particles">
      <UniqueIdentifier>{16035b7b-9473-4848-a3be-035ac3123b09}</UniqueIdentifier>
    </Filter>
    <Filter Include="Modules\Effect">
      <UniqueIdentifier>{a77800a6-3d20-4942-836c-5e2c47ee2817}</UniqueIdentifier>
    </Filter>
    <Filter Include="Modules\FadeToBlack">
      <UniqueIdentifier>{1de680f4-db3d-4b7d-b801-b14f1b74ae51}</UniqueIdentifier>
    </Filter>
    <Filter Include="Modules\Pathfinding">
      <UniqueIdentifier>{a0d41bfb-34ef-4fd3-a1c4-b663e306bad0}</UniqueIdentifier>
    </Filter>
    <Filter Include="Modules\Boss">
      <UniqueIdentifier>{d360e954-676a-4139-bb6c-9da13e990cde}</UniqueIdentifier>
    </Filter>
    <Filter Include="Modules\Angel">
      <UniqueIdentifier>{3da5697f-763f-463d-a768-c0a037d8982b}</UniqueIdentifier>
    </Filter>
    <Filter Include="Modules\Font">
      <UniqueIdentifier>{84a72164-ed07-40a9-b295-617359ea8c47}</UniqueIdentifier>
    </Filter>
    <Filter Include="Modules\Teleport">
      <UniqueIdentifier>{26a70a62-fae5-4ef1-a124-bc213048188d}</UniqueIdentifier>
    </Filter>
    <Filter Include="Modules\Menu">
      <UniqueIdentifier>{a8ad0101-6c28-4d52-a954-0057ad0b72ac}</UniqueIdentifier>
    </Filter>
    <Filter Include="Modules\GUI">
      <UniqueIdentifier>{6ad10e03-d140-47a7-9240-df6196a74bfa}</UniqueIdentifier>
    </Filter>
  </ItemGroup>
</Project>